PODS:
  - IQKeyboardManagerSwift (6.5.10)
  - SwiftyOnboard (1.4.0)

DEPENDENCIES:
  - IQKeyboardManagerSwift
  - SwiftyOnboard

SPEC REPOS:
  trunk:
    - IQKeyboardManagerSwift
    - SwiftyOnboard

SPEC CHECKSUMS:
  IQKeyboardManagerSwift: 52962c76ab33532f15ad9f3ff4e5715eda5335bb
  SwiftyOnboard: 76a648dc1dcbc844343b6b95fe5883cb64a62f4a

PODFILE CHECKSUM: b9118726b0b92213836aac06221aaf3c56b0f34b

COCOAPODS: 1.11.3
