// !$*UTF8*$!
{
	archiveVersion = 1;
	classes = {
	};
	objectVersion = 55;
	objects = {

/* Begin PBXBuildFile section */
		8DCEFB1E0EBF637C3F6DB93A /* Pods_WeCannesTests.framework in Frameworks */ = {isa = PBXBuildFile; fileRef = 38B1DF147F2E7FB543617E2E /* Pods_WeCannesTests.framework */; };
		9B8B80491AD2C8A9CABECC58 /* Pods_WeCannes.framework in Frameworks */ = {isa = PBXBuildFile; fileRef = BB26792A1D1A7CDF0E8EFF99 /* Pods_WeCannes.framework */; };
		D79BBC2C264AB883FCC89518 /* Pods_WeCannes_WeCannesUITests.framework in Frameworks */ = {isa = PBXBuildFile; fileRef = E235DDFC3D9C9FD15153FF5C /* Pods_WeCannes_WeCannesUITests.framework */; };
		F03F3F172839E43200E605A7 /* MapViewController.swift in Sources */ = {isa = PBXBuildFile; fileRef = F03F3F162839E43200E605A7 /* MapViewController.swift */; };
		F03F3F182839E43200E605A7 /* MapViewController.swift in Sources */ = {isa = PBXBuildFile; fileRef = F03F3F162839E43200E605A7 /* MapViewController.swift */; };
		F03F3F192839E43200E605A7 /* MapViewController.swift in Sources */ = {isa = PBXBuildFile; fileRef = F03F3F162839E43200E605A7 /* MapViewController.swift */; };
		F03F3F1C283B14F600E605A7 /* OnboardingViewController.swift in Sources */ = {isa = PBXBuildFile; fileRef = F03F3F1B283B14F600E605A7 /* OnboardingViewController.swift */; };
		F03F3F1F283B1C0800E605A7 /* Permissions.swift in Sources */ = {isa = PBXBuildFile; fileRef = F03F3F1E283B1C0700E605A7 /* Permissions.swift */; };
		F03F3F31283B4B7D00E605A7 /* DataStorage.swift in Sources */ = {isa = PBXBuildFile; fileRef = F03F3F30283B4B7D00E605A7 /* DataStorage.swift */; };
		F03F3F32283B4B7D00E605A7 /* DataStorage.swift in Sources */ = {isa = PBXBuildFile; fileRef = F03F3F30283B4B7D00E605A7 /* DataStorage.swift */; };
		F03F3F33283B4B7D00E605A7 /* DataStorage.swift in Sources */ = {isa = PBXBuildFile; fileRef = F03F3F30283B4B7D00E605A7 /* DataStorage.swift */; };
		F03F3F35283BBB9700E605A7 /* Notifications.swift in Sources */ = {isa = PBXBuildFile; fileRef = F03F3F34283BBB9700E605A7 /* Notifications.swift */; };
		F03F3F36283BBB9700E605A7 /* Notifications.swift in Sources */ = {isa = PBXBuildFile; fileRef = F03F3F34283BBB9700E605A7 /* Notifications.swift */; };
		F03F3F37283BBB9700E605A7 /* Notifications.swift in Sources */ = {isa = PBXBuildFile; fileRef = F03F3F34283BBB9700E605A7 /* Notifications.swift */; };
		F03F3F39283D481900E605A7 /* GPXTesting.gpx in Resources */ = {isa = PBXBuildFile; fileRef = F03F3F38283D481900E605A7 /* GPXTesting.gpx */; };
		F03F3F3A283D481900E605A7 /* GPXTesting.gpx in Resources */ = {isa = PBXBuildFile; fileRef = F03F3F38283D481900E605A7 /* GPXTesting.gpx */; };
		F03F3F3B283D481900E605A7 /* GPXTesting.gpx in Resources */ = {isa = PBXBuildFile; fileRef = F03F3F38283D481900E605A7 /* GPXTesting.gpx */; };
		F03F3F3D2847B54300E605A7 /* GoogleService-Info.plist in Resources */ = {isa = PBXBuildFile; fileRef = F03F3F3C2847B54300E605A7 /* GoogleService-Info.plist */; };
		F03F3F3E2847B54300E605A7 /* GoogleService-Info.plist in Resources */ = {isa = PBXBuildFile; fileRef = F03F3F3C2847B54300E605A7 /* GoogleService-Info.plist */; };
		F03F3F3F2847B54300E605A7 /* GoogleService-Info.plist in Resources */ = {isa = PBXBuildFile; fileRef = F03F3F3C2847B54300E605A7 /* GoogleService-Info.plist */; };
		F03F3F432847B5F900E605A7 /* FirebaseDatabase in Frameworks */ = {isa = PBXBuildFile; productRef = F03F3F422847B5F900E605A7 /* FirebaseDatabase */; };
		F03F3F452847B72B00E605A7 /* FirebaseFunctions.swift in Sources */ = {isa = PBXBuildFile; fileRef = F03F3F442847B72B00E605A7 /* FirebaseFunctions.swift */; };
		F03F3F462847B72B00E605A7 /* FirebaseFunctions.swift in Sources */ = {isa = PBXBuildFile; fileRef = F03F3F442847B72B00E605A7 /* FirebaseFunctions.swift */; };
		F03F3F472847B72B00E605A7 /* FirebaseFunctions.swift in Sources */ = {isa = PBXBuildFile; fileRef = F03F3F442847B72B00E605A7 /* FirebaseFunctions.swift */; };
		F0B874C42839BFC10084A126 /* AppDelegate.swift in Sources */ = {isa = PBXBuildFile; fileRef = F0B874C32839BFC10084A126 /* AppDelegate.swift */; };
		F0B874C62839BFC10084A126 /* SceneDelegate.swift in Sources */ = {isa = PBXBuildFile; fileRef = F0B874C52839BFC10084A126 /* SceneDelegate.swift */; };
		F0B874CB2839BFC10084A126 /* Main.storyboard in Resources */ = {isa = PBXBuildFile; fileRef = F0B874C92839BFC10084A126 /* Main.storyboard */; };
		F0B874D02839BFC30084A126 /* LaunchScreen.storyboard in Resources */ = {isa = PBXBuildFile; fileRef = F0B874CE2839BFC30084A126 /* LaunchScreen.storyboard */; };
		F0B874DB2839BFC40084A126 /* WeCannesTests.swift in Sources */ = {isa = PBXBuildFile; fileRef = F0B874DA2839BFC40084A126 /* WeCannesTests.swift */; };
		F0B874E52839BFC40084A126 /* WeCannesUITests.swift in Sources */ = {isa = PBXBuildFile; fileRef = F0B874E42839BFC40084A126 /* WeCannesUITests.swift */; };
		F0B874E72839BFC40084A126 /* WeCannesUITestsLaunchTests.swift in Sources */ = {isa = PBXBuildFile; fileRef = F0B874E62839BFC40084A126 /* WeCannesUITestsLaunchTests.swift */; };
		F0B874F42839C4850084A126 /* Assets.xcassets in Resources */ = {isa = PBXBuildFile; fileRef = F0B874F32839C4850084A126 /* Assets.xcassets */; };
		F0B874F52839C4850084A126 /* Assets.xcassets in Resources */ = {isa = PBXBuildFile; fileRef = F0B874F32839C4850084A126 /* Assets.xcassets */; };
		F0B874F62839C4850084A126 /* Assets.xcassets in Resources */ = {isa = PBXBuildFile; fileRef = F0B874F32839C4850084A126 /* Assets.xcassets */; };
		F0B874F82839C9680084A126 /* HomeViewController.swift in Sources */ = {isa = PBXBuildFile; fileRef = F0B874F72839C9680084A126 /* HomeViewController.swift */; };
		F0B874F92839C9680084A126 /* HomeViewController.swift in Sources */ = {isa = PBXBuildFile; fileRef = F0B874F72839C9680084A126 /* HomeViewController.swift */; };
		F0B874FA2839C9680084A126 /* HomeViewController.swift in Sources */ = {isa = PBXBuildFile; fileRef = F0B874F72839C9680084A126 /* HomeViewController.swift */; };
		F0B874FC2839C9850084A126 /* WalletViewController.swift in Sources */ = {isa = PBXBuildFile; fileRef = F0B874FB2839C9850084A126 /* WalletViewController.swift */; };
		F0B874FD2839C9850084A126 /* WalletViewController.swift in Sources */ = {isa = PBXBuildFile; fileRef = F0B874FB2839C9850084A126 /* WalletViewController.swift */; };
		F0B874FE2839C9850084A126 /* WalletViewController.swift in Sources */ = {isa = PBXBuildFile; fileRef = F0B874FB2839C9850084A126 /* WalletViewController.swift */; };
		F0B875002839C9950084A126 /* RedeemPointsViewController.swift in Sources */ = {isa = PBXBuildFile; fileRef = F0B874FF2839C9950084A126 /* RedeemPointsViewController.swift */; };
		F0B875012839C9950084A126 /* RedeemPointsViewController.swift in Sources */ = {isa = PBXBuildFile; fileRef = F0B874FF2839C9950084A126 /* RedeemPointsViewController.swift */; };
		F0B875022839C9950084A126 /* RedeemPointsViewController.swift in Sources */ = {isa = PBXBuildFile; fileRef = F0B874FF2839C9950084A126 /* RedeemPointsViewController.swift */; };
		F0B875042839C9A20084A126 /* EarnPointsViewController.swift in Sources */ = {isa = PBXBuildFile; fileRef = F0B875032839C9A20084A126 /* EarnPointsViewController.swift */; };
		F0B875052839C9A20084A126 /* EarnPointsViewController.swift in Sources */ = {isa = PBXBuildFile; fileRef = F0B875032839C9A20084A126 /* EarnPointsViewController.swift */; };
		F0B875062839C9A20084A126 /* EarnPointsViewController.swift in Sources */ = {isa = PBXBuildFile; fileRef = F0B875032839C9A20084A126 /* EarnPointsViewController.swift */; };
		F0B875082839C9E90084A126 /* ScheduledEventsViewController.swift in Sources */ = {isa = PBXBuildFile; fileRef = F0B875072839C9E90084A126 /* ScheduledEventsViewController.swift */; };
		F0B875092839C9E90084A126 /* ScheduledEventsViewController.swift in Sources */ = {isa = PBXBuildFile; fileRef = F0B875072839C9E90084A126 /* ScheduledEventsViewController.swift */; };
		F0B8750A2839C9E90084A126 /* ScheduledEventsViewController.swift in Sources */ = {isa = PBXBuildFile; fileRef = F0B875072839C9E90084A126 /* ScheduledEventsViewController.swift */; };
		F0B8750C2839CA050084A126 /* RegisterViewController.swift in Sources */ = {isa = PBXBuildFile; fileRef = F0B8750B2839CA050084A126 /* RegisterViewController.swift */; };
		F0B8750D2839CA050084A126 /* RegisterViewController.swift in Sources */ = {isa = PBXBuildFile; fileRef = F0B8750B2839CA050084A126 /* RegisterViewController.swift */; };
		F0B8750E2839CA050084A126 /* RegisterViewController.swift in Sources */ = {isa = PBXBuildFile; fileRef = F0B8750B2839CA050084A126 /* RegisterViewController.swift */; };
		F0B875102839CA0E0084A126 /* SignInViewController.swift in Sources */ = {isa = PBXBuildFile; fileRef = F0B8750F2839CA0E0084A126 /* SignInViewController.swift */; };
		F0B875112839CA0E0084A126 /* SignInViewController.swift in Sources */ = {isa = PBXBuildFile; fileRef = F0B8750F2839CA0E0084A126 /* SignInViewController.swift */; };
		F0B875122839CA0E0084A126 /* SignInViewController.swift in Sources */ = {isa = PBXBuildFile; fileRef = F0B8750F2839CA0E0084A126 /* SignInViewController.swift */; };
		F0B8751F2839DC5A0084A126 /* FirebaseAuth in Frameworks */ = {isa = PBXBuildFile; productRef = F0B8751E2839DC5A0084A126 /* FirebaseAuth */; };
/* End PBXBuildFile section */

/* Begin PBXContainerItemProxy section */
		F0B874D72839BFC40084A126 /* PBXContainerItemProxy */ = {
			isa = PBXContainerItemProxy;
			containerPortal = F0B874B82839BFC10084A126 /* Project object */;
			proxyType = 1;
			remoteGlobalIDString = F0B874BF2839BFC10084A126;
			remoteInfo = WeCannes;
		};
		F0B874E12839BFC40084A126 /* PBXContainerItemProxy */ = {
			isa = PBXContainerItemProxy;
			containerPortal = F0B874B82839BFC10084A126 /* Project object */;
			proxyType = 1;
			remoteGlobalIDString = F0B874BF2839BFC10084A126;
			remoteInfo = WeCannes;
		};
/* End PBXContainerItemProxy section */

/* Begin PBXFileReference section */
		11733477DDA7E2600A16C3D1 /* Pods-WeCannes-WeCannesUITests.debug.xcconfig */ = {isa = PBXFileReference; includeInIndex = 1; lastKnownFileType = text.xcconfig; name = "Pods-WeCannes-WeCannesUITests.debug.xcconfig"; path = "Target Support Files/Pods-WeCannes-WeCannesUITests/Pods-WeCannes-WeCannesUITests.debug.xcconfig"; sourceTree = "<group>"; };
		21A5EFC6C21155458B300D42 /* Pods-WeCannes.debug.xcconfig */ = {isa = PBXFileReference; includeInIndex = 1; lastKnownFileType = text.xcconfig; name = "Pods-WeCannes.debug.xcconfig"; path = "Target Support Files/Pods-WeCannes/Pods-WeCannes.debug.xcconfig"; sourceTree = "<group>"; };
		38B1DF147F2E7FB543617E2E /* Pods_WeCannesTests.framework */ = {isa = PBXFileReference; explicitFileType = wrapper.framework; includeInIndex = 0; path = Pods_WeCannesTests.framework; sourceTree = BUILT_PRODUCTS_DIR; };
		7739B760B7ADC228B79276AE /* Pods-WeCannes-WeCannesUITests.release.xcconfig */ = {isa = PBXFileReference; includeInIndex = 1; lastKnownFileType = text.xcconfig; name = "Pods-WeCannes-WeCannesUITests.release.xcconfig"; path = "Target Support Files/Pods-WeCannes-WeCannesUITests/Pods-WeCannes-WeCannesUITests.release.xcconfig"; sourceTree = "<group>"; };
		943B663BAE19A1E481E67E8E /* Pods-WeCannesTests.release.xcconfig */ = {isa = PBXFileReference; includeInIndex = 1; lastKnownFileType = text.xcconfig; name = "Pods-WeCannesTests.release.xcconfig"; path = "Target Support Files/Pods-WeCannesTests/Pods-WeCannesTests.release.xcconfig"; sourceTree = "<group>"; };
		BB26792A1D1A7CDF0E8EFF99 /* Pods_WeCannes.framework */ = {isa = PBXFileReference; explicitFileType = wrapper.framework; includeInIndex = 0; path = Pods_WeCannes.framework; sourceTree = BUILT_PRODUCTS_DIR; };
		BC2AB7A406CE914FCE5089A2 /* Pods-WeCannes.release.xcconfig */ = {isa = PBXFileReference; includeInIndex = 1; lastKnownFileType = text.xcconfig; name = "Pods-WeCannes.release.xcconfig"; path = "Target Support Files/Pods-WeCannes/Pods-WeCannes.release.xcconfig"; sourceTree = "<group>"; };
		C25A6F42F0848DB735456FD7 /* Pods-WeCannesTests.debug.xcconfig */ = {isa = PBXFileReference; includeInIndex = 1; lastKnownFileType = text.xcconfig; name = "Pods-WeCannesTests.debug.xcconfig"; path = "Target Support Files/Pods-WeCannesTests/Pods-WeCannesTests.debug.xcconfig"; sourceTree = "<group>"; };
		E235DDFC3D9C9FD15153FF5C /* Pods_WeCannes_WeCannesUITests.framework */ = {isa = PBXFileReference; explicitFileType = wrapper.framework; includeInIndex = 0; path = Pods_WeCannes_WeCannesUITests.framework; sourceTree = BUILT_PRODUCTS_DIR; };
		F03F3F162839E43200E605A7 /* MapViewController.swift */ = {isa = PBXFileReference; lastKnownFileType = sourcecode.swift; path = MapViewController.swift; sourceTree = "<group>"; };
		F03F3F1B283B14F600E605A7 /* OnboardingViewController.swift */ = {isa = PBXFileReference; lastKnownFileType = sourcecode.swift; path = OnboardingViewController.swift; sourceTree = "<group>"; };
		F03F3F1E283B1C0700E605A7 /* Permissions.swift */ = {isa = PBXFileReference; lastKnownFileType = sourcecode.swift; path = Permissions.swift; sourceTree = "<group>"; };
		F03F3F30283B4B7D00E605A7 /* DataStorage.swift */ = {isa = PBXFileReference; lastKnownFileType = sourcecode.swift; path = DataStorage.swift; sourceTree = "<group>"; };
		F03F3F34283BBB9700E605A7 /* Notifications.swift */ = {isa = PBXFileReference; lastKnownFileType = sourcecode.swift; path = Notifications.swift; sourceTree = "<group>"; };
		F03F3F38283D481900E605A7 /* GPXTesting.gpx */ = {isa = PBXFileReference; lastKnownFileType = file; path = GPXTesting.gpx; sourceTree = SOURCE_ROOT; };
		F03F3F3C2847B54300E605A7 /* GoogleService-Info.plist */ = {isa = PBXFileReference; fileEncoding = 4; lastKnownFileType = text.plist.xml; path = "GoogleService-Info.plist"; sourceTree = "<group>"; };
		F03F3F442847B72B00E605A7 /* FirebaseFunctions.swift */ = {isa = PBXFileReference; lastKnownFileType = sourcecode.swift; path = FirebaseFunctions.swift; sourceTree = "<group>"; };
		F0B874C02839BFC10084A126 /* WeCannes.app */ = {isa = PBXFileReference; explicitFileType = wrapper.application; includeInIndex = 0; path = WeCannes.app; sourceTree = BUILT_PRODUCTS_DIR; };
		F0B874C32839BFC10084A126 /* AppDelegate.swift */ = {isa = PBXFileReference; lastKnownFileType = sourcecode.swift; path = AppDelegate.swift; sourceTree = "<group>"; };
		F0B874C52839BFC10084A126 /* SceneDelegate.swift */ = {isa = PBXFileReference; lastKnownFileType = sourcecode.swift; path = SceneDelegate.swift; sourceTree = "<group>"; };
		F0B874CA2839BFC10084A126 /* Base */ = {isa = PBXFileReference; lastKnownFileType = file.storyboard; name = Base; path = Base.lproj/Main.storyboard; sourceTree = "<group>"; };
		F0B874CF2839BFC30084A126 /* Base */ = {isa = PBXFileReference; lastKnownFileType = file.storyboard; name = Base; path = Base.lproj/LaunchScreen.storyboard; sourceTree = "<group>"; };
		F0B874D12839BFC30084A126 /* Info.plist */ = {isa = PBXFileReference; lastKnownFileType = text.plist.xml; path = Info.plist; sourceTree = "<group>"; };
		F0B874D62839BFC40084A126 /* WeCannesTests.xctest */ = {isa = PBXFileReference; explicitFileType = wrapper.cfbundle; includeInIndex = 0; path = WeCannesTests.xctest; sourceTree = BUILT_PRODUCTS_DIR; };
		F0B874DA2839BFC40084A126 /* WeCannesTests.swift */ = {isa = PBXFileReference; lastKnownFileType = sourcecode.swift; path = WeCannesTests.swift; sourceTree = "<group>"; };
		F0B874E02839BFC40084A126 /* WeCannesUITests.xctest */ = {isa = PBXFileReference; explicitFileType = wrapper.cfbundle; includeInIndex = 0; path = WeCannesUITests.xctest; sourceTree = BUILT_PRODUCTS_DIR; };
		F0B874E42839BFC40084A126 /* WeCannesUITests.swift */ = {isa = PBXFileReference; lastKnownFileType = sourcecode.swift; path = WeCannesUITests.swift; sourceTree = "<group>"; };
		F0B874E62839BFC40084A126 /* WeCannesUITestsLaunchTests.swift */ = {isa = PBXFileReference; lastKnownFileType = sourcecode.swift; path = WeCannesUITestsLaunchTests.swift; sourceTree = "<group>"; };
		F0B874F32839C4850084A126 /* Assets.xcassets */ = {isa = PBXFileReference; lastKnownFileType = folder.assetcatalog; path = Assets.xcassets; sourceTree = "<group>"; };
		F0B874F72839C9680084A126 /* HomeViewController.swift */ = {isa = PBXFileReference; lastKnownFileType = sourcecode.swift; path = HomeViewController.swift; sourceTree = "<group>"; };
		F0B874FB2839C9850084A126 /* WalletViewController.swift */ = {isa = PBXFileReference; lastKnownFileType = sourcecode.swift; path = WalletViewController.swift; sourceTree = "<group>"; };
		F0B874FF2839C9950084A126 /* RedeemPointsViewController.swift */ = {isa = PBXFileReference; lastKnownFileType = sourcecode.swift; path = RedeemPointsViewController.swift; sourceTree = "<group>"; };
		F0B875032839C9A20084A126 /* EarnPointsViewController.swift */ = {isa = PBXFileReference; lastKnownFileType = sourcecode.swift; path = EarnPointsViewController.swift; sourceTree = "<group>"; };
		F0B875072839C9E90084A126 /* ScheduledEventsViewController.swift */ = {isa = PBXFileReference; lastKnownFileType = sourcecode.swift; path = ScheduledEventsViewController.swift; sourceTree = "<group>"; };
		F0B8750B2839CA050084A126 /* RegisterViewController.swift */ = {isa = PBXFileReference; lastKnownFileType = sourcecode.swift; path = RegisterViewController.swift; sourceTree = "<group>"; };
		F0B8750F2839CA0E0084A126 /* SignInViewController.swift */ = {isa = PBXFileReference; lastKnownFileType = sourcecode.swift; path = SignInViewController.swift; sourceTree = "<group>"; };
/* End PBXFileReference section */

/* Begin PBXFrameworksBuildPhase section */
		F0B874BD2839BFC10084A126 /* Frameworks */ = {
			isa = PBXFrameworksBuildPhase;
			buildActionMask = 2147483647;
			files = (
				9B8B80491AD2C8A9CABECC58 /* Pods_WeCannes.framework in Frameworks */,
				F03F3F432847B5F900E605A7 /* FirebaseDatabase in Frameworks */,
				F0B8751F2839DC5A0084A126 /* FirebaseAuth in Frameworks */,
			);
			runOnlyForDeploymentPostprocessing = 0;
		};
		F0B874D32839BFC40084A126 /* Frameworks */ = {
			isa = PBXFrameworksBuildPhase;
			buildActionMask = 2147483647;
			files = (
				8DCEFB1E0EBF637C3F6DB93A /* Pods_WeCannesTests.framework in Frameworks */,
			);
			runOnlyForDeploymentPostprocessing = 0;
		};
		F0B874DD2839BFC40084A126 /* Frameworks */ = {
			isa = PBXFrameworksBuildPhase;
			buildActionMask = 2147483647;
			files = (
				D79BBC2C264AB883FCC89518 /* Pods_WeCannes_WeCannesUITests.framework in Frameworks */,
			);
			runOnlyForDeploymentPostprocessing = 0;
		};
/* End PBXFrameworksBuildPhase section */

/* Begin PBXGroup section */
		3A6775164E9980B9B64FDF70 /* Frameworks */ = {
			isa = PBXGroup;
			children = (
				BB26792A1D1A7CDF0E8EFF99 /* Pods_WeCannes.framework */,
				E235DDFC3D9C9FD15153FF5C /* Pods_WeCannes_WeCannesUITests.framework */,
				38B1DF147F2E7FB543617E2E /* Pods_WeCannesTests.framework */,
			);
			name = Frameworks;
			sourceTree = "<group>";
		};
		724D43BEC177959A2836985C /* Pods */ = {
			isa = PBXGroup;
			children = (
				21A5EFC6C21155458B300D42 /* Pods-WeCannes.debug.xcconfig */,
				BC2AB7A406CE914FCE5089A2 /* Pods-WeCannes.release.xcconfig */,
				11733477DDA7E2600A16C3D1 /* Pods-WeCannes-WeCannesUITests.debug.xcconfig */,
				7739B760B7ADC228B79276AE /* Pods-WeCannes-WeCannesUITests.release.xcconfig */,
				C25A6F42F0848DB735456FD7 /* Pods-WeCannesTests.debug.xcconfig */,
				943B663BAE19A1E481E67E8E /* Pods-WeCannesTests.release.xcconfig */,
			);
			path = Pods;
			sourceTree = "<group>";
		};
		F03F3F1A283B14A400E605A7 /* Onboarding */ = {
			isa = PBXGroup;
			children = (
				F03F3F1B283B14F600E605A7 /* OnboardingViewController.swift */,
			);
			path = Onboarding;
			sourceTree = "<group>";
		};
		F03F3F1D283B1BE800E605A7 /* Utilities */ = {
			isa = PBXGroup;
			children = (
				F03F3F1E283B1C0700E605A7 /* Permissions.swift */,
				F03F3F30283B4B7D00E605A7 /* DataStorage.swift */,
				F03F3F34283BBB9700E605A7 /* Notifications.swift */,
				F03F3F442847B72B00E605A7 /* FirebaseFunctions.swift */,
			);
			path = Utilities;
			sourceTree = "<group>";
		};
		F0B874B72839BFC10084A126 = {
			isa = PBXGroup;
			children = (
				F0B874C22839BFC10084A126 /* WeCannes */,
				F0B874D92839BFC40084A126 /* WeCannesTests */,
				F0B874E32839BFC40084A126 /* WeCannesUITests */,
				F0B874C12839BFC10084A126 /* Products */,
				724D43BEC177959A2836985C /* Pods */,
				3A6775164E9980B9B64FDF70 /* Frameworks */,
			);
			sourceTree = "<group>";
		};
		F0B874C12839BFC10084A126 /* Products */ = {
			isa = PBXGroup;
			children = (
				F0B874C02839BFC10084A126 /* WeCannes.app */,
				F0B874D62839BFC40084A126 /* WeCannesTests.xctest */,
				F0B874E02839BFC40084A126 /* WeCannesUITests.xctest */,
			);
			name = Products;
			sourceTree = "<group>";
		};
		F0B874C22839BFC10084A126 /* WeCannes */ = {
			isa = PBXGroup;
			children = (
				F03F3F38283D481900E605A7 /* GPXTesting.gpx */,
				F0B874C32839BFC10084A126 /* AppDelegate.swift */,
				F0B874C52839BFC10084A126 /* SceneDelegate.swift */,
				F03F3F3C2847B54300E605A7 /* GoogleService-Info.plist */,
				F0B874D12839BFC30084A126 /* Info.plist */,
				F0B875132839CA150084A126 /* Views */,
				F03F3F1D283B1BE800E605A7 /* Utilities */,
				F0B8751C2839D0F40084A126 /* Storyboard & Assets */,
				F0B8751B2839D0E90084A126 /* PropertyLists */,
			);
			path = WeCannes;
			sourceTree = "<group>";
		};
		F0B874D92839BFC40084A126 /* WeCannesTests */ = {
			isa = PBXGroup;
			children = (
				F0B874DA2839BFC40084A126 /* WeCannesTests.swift */,
			);
			path = WeCannesTests;
			sourceTree = "<group>";
		};
		F0B874E32839BFC40084A126 /* WeCannesUITests */ = {
			isa = PBXGroup;
			children = (
				F0B874E42839BFC40084A126 /* WeCannesUITests.swift */,
				F0B874E62839BFC40084A126 /* WeCannesUITestsLaunchTests.swift */,
			);
			path = WeCannesUITests;
			sourceTree = "<group>";
		};
		F0B875132839CA150084A126 /* Views */ = {
			isa = PBXGroup;
			children = (
				F03F3F1A283B14A400E605A7 /* Onboarding */,
				F0B875142839CA280084A126 /* TabBarViews */,
				F0B875152839CA390084A126 /* AuthenticationViews */,
				F0B875162839CA510084A126 /* SegueViews */,
			);
			path = Views;
			sourceTree = "<group>";
		};
		F0B875142839CA280084A126 /* TabBarViews */ = {
			isa = PBXGroup;
			children = (
				F0B874F72839C9680084A126 /* HomeViewController.swift */,
				F03F3F162839E43200E605A7 /* MapViewController.swift */,
				F0B874FB2839C9850084A126 /* WalletViewController.swift */,
			);
			path = TabBarViews;
			sourceTree = "<group>";
		};
		F0B875152839CA390084A126 /* AuthenticationViews */ = {
			isa = PBXGroup;
			children = (
				F0B8750B2839CA050084A126 /* RegisterViewController.swift */,
				F0B8750F2839CA0E0084A126 /* SignInViewController.swift */,
			);
			path = AuthenticationViews;
			sourceTree = "<group>";
		};
		F0B875162839CA510084A126 /* SegueViews */ = {
			isa = PBXGroup;
			children = (
				F0B874FF2839C9950084A126 /* RedeemPointsViewController.swift */,
				F0B875032839C9A20084A126 /* EarnPointsViewController.swift */,
				F0B875072839C9E90084A126 /* ScheduledEventsViewController.swift */,
			);
			path = SegueViews;
			sourceTree = "<group>";
		};
		F0B8751B2839D0E90084A126 /* PropertyLists */ = {
			isa = PBXGroup;
			children = (
			);
			path = PropertyLists;
			sourceTree = "<group>";
		};
		F0B8751C2839D0F40084A126 /* Storyboard & Assets */ = {
			isa = PBXGroup;
			children = (
				F0B874C92839BFC10084A126 /* Main.storyboard */,
				F0B874F32839C4850084A126 /* Assets.xcassets */,
				F0B874CE2839BFC30084A126 /* LaunchScreen.storyboard */,
			);
			path = "Storyboard & Assets";
			sourceTree = "<group>";
		};
/* End PBXGroup section */

/* Begin PBXNativeTarget section */
		F0B874BF2839BFC10084A126 /* WeCannes */ = {
			isa = PBXNativeTarget;
			buildConfigurationList = F0B874EA2839BFC40084A126 /* Build configuration list for PBXNativeTarget "WeCannes" */;
			buildPhases = (
				37996A4A7CD03BFE7C3781AE /* [CP] Check Pods Manifest.lock */,
				F0B874BC2839BFC10084A126 /* Sources */,
				F0B874BD2839BFC10084A126 /* Frameworks */,
				F0B874BE2839BFC10084A126 /* Resources */,
				AE114D6C1A63830B92CAB145 /* [CP] Embed Pods Frameworks */,
			);
			buildRules = (
			);
			dependencies = (
			);
			name = WeCannes;
			packageProductDependencies = (
				F0B8751E2839DC5A0084A126 /* FirebaseAuth */,
				F03F3F422847B5F900E605A7 /* FirebaseDatabase */,
			);
			productName = WeCannes;
			productReference = F0B874C02839BFC10084A126 /* WeCannes.app */;
			productType = "com.apple.product-type.application";
		};
		F0B874D52839BFC40084A126 /* WeCannesTests */ = {
			isa = PBXNativeTarget;
			buildConfigurationList = F0B874ED2839BFC40084A126 /* Build configuration list for PBXNativeTarget "WeCannesTests" */;
			buildPhases = (
				27AAA70B3C0F50FB9A63CF9A /* [CP] Check Pods Manifest.lock */,
				F0B874D22839BFC40084A126 /* Sources */,
				F0B874D32839BFC40084A126 /* Frameworks */,
				F0B874D42839BFC40084A126 /* Resources */,
			);
			buildRules = (
			);
			dependencies = (
				F0B874D82839BFC40084A126 /* PBXTargetDependency */,
			);
			name = WeCannesTests;
			productName = WeCannesTests;
			productReference = F0B874D62839BFC40084A126 /* WeCannesTests.xctest */;
			productType = "com.apple.product-type.bundle.unit-test";
		};
		F0B874DF2839BFC40084A126 /* WeCannesUITests */ = {
			isa = PBXNativeTarget;
			buildConfigurationList = F0B874F02839BFC40084A126 /* Build configuration list for PBXNativeTarget "WeCannesUITests" */;
			buildPhases = (
				AB26D8FE0EADC8A452B2A27D /* [CP] Check Pods Manifest.lock */,
				F0B874DC2839BFC40084A126 /* Sources */,
				F0B874DD2839BFC40084A126 /* Frameworks */,
				F0B874DE2839BFC40084A126 /* Resources */,
				A27183BEF51DAAE1A87EFC8F /* [CP] Embed Pods Frameworks */,
			);
			buildRules = (
			);
			dependencies = (
				F0B874E22839BFC40084A126 /* PBXTargetDependency */,
			);
			name = WeCannesUITests;
			productName = WeCannesUITests;
			productReference = F0B874E02839BFC40084A126 /* WeCannesUITests.xctest */;
			productType = "com.apple.product-type.bundle.ui-testing";
		};
/* End PBXNativeTarget section */

/* Begin PBXProject section */
		F0B874B82839BFC10084A126 /* Project object */ = {
			isa = PBXProject;
			attributes = {
				BuildIndependentTargetsInParallel = 1;
				LastSwiftUpdateCheck = 1340;
				LastUpgradeCheck = 1340;
				TargetAttributes = {
					F0B874BF2839BFC10084A126 = {
						CreatedOnToolsVersion = 13.4;
					};
					F0B874D52839BFC40084A126 = {
						CreatedOnToolsVersion = 13.4;
						TestTargetID = F0B874BF2839BFC10084A126;
					};
					F0B874DF2839BFC40084A126 = {
						CreatedOnToolsVersion = 13.4;
						TestTargetID = F0B874BF2839BFC10084A126;
					};
				};
			};
			buildConfigurationList = F0B874BB2839BFC10084A126 /* Build configuration list for PBXProject "WeCannes" */;
			compatibilityVersion = "Xcode 13.0";
			developmentRegion = en;
			hasScannedForEncodings = 0;
			knownRegions = (
				en,
				Base,
			);
			mainGroup = F0B874B72839BFC10084A126;
			packageReferences = (
				F0B8751D2839DC5A0084A126 /* XCRemoteSwiftPackageReference "firebase-ios-sdk" */,
			);
			productRefGroup = F0B874C12839BFC10084A126 /* Products */;
			projectDirPath = "";
			projectRoot = "";
			targets = (
				F0B874BF2839BFC10084A126 /* WeCannes */,
				F0B874D52839BFC40084A126 /* WeCannesTests */,
				F0B874DF2839BFC40084A126 /* WeCannesUITests */,
			);
		};
/* End PBXProject section */

/* Begin PBXResourcesBuildPhase section */
		F0B874BE2839BFC10084A126 /* Resources */ = {
			isa = PBXResourcesBuildPhase;
			buildActionMask = 2147483647;
			files = (
				F03F3F39283D481900E605A7 /* GPXTesting.gpx in Resources */,
				F0B874D02839BFC30084A126 /* LaunchScreen.storyboard in Resources */,
				F03F3F3D2847B54300E605A7 /* GoogleService-Info.plist in Resources */,
				F0B874F42839C4850084A126 /* Assets.xcassets in Resources */,
				F0B874CB2839BFC10084A126 /* Main.storyboard in Resources */,
			);
			runOnlyForDeploymentPostprocessing = 0;
		};
		F0B874D42839BFC40084A126 /* Resources */ = {
			isa = PBXResourcesBuildPhase;
			buildActionMask = 2147483647;
			files = (
				F0B874F52839C4850084A126 /* Assets.xcassets in Resources */,
				F03F3F3A283D481900E605A7 /* GPXTesting.gpx in Resources */,
				F03F3F3E2847B54300E605A7 /* GoogleService-Info.plist in Resources */,
			);
			runOnlyForDeploymentPostprocessing = 0;
		};
		F0B874DE2839BFC40084A126 /* Resources */ = {
			isa = PBXResourcesBuildPhase;
			buildActionMask = 2147483647;
			files = (
				F0B874F62839C4850084A126 /* Assets.xcassets in Resources */,
				F03F3F3B283D481900E605A7 /* GPXTesting.gpx in Resources */,
				F03F3F3F2847B54300E605A7 /* GoogleService-Info.plist in Resources */,
			);
			runOnlyForDeploymentPostprocessing = 0;
		};
/* End PBXResourcesBuildPhase section */

/* Begin PBXShellScriptBuildPhase section */
		27AAA70B3C0F50FB9A63CF9A /* [CP] Check Pods Manifest.lock */ = {
			isa = PBXShellScriptBuildPhase;
			buildActionMask = 2147483647;
			files = (
			);
			inputFileListPaths = (
			);
			inputPaths = (
				"${PODS_PODFILE_DIR_PATH}/Podfile.lock",
				"${PODS_ROOT}/Manifest.lock",
			);
			name = "[CP] Check Pods Manifest.lock";
			outputFileListPaths = (
			);
			outputPaths = (
				"$(DERIVED_FILE_DIR)/Pods-WeCannesTests-checkManifestLockResult.txt",
			);
			runOnlyForDeploymentPostprocessing = 0;
			shellPath = /bin/sh;
			shellScript = "diff \"${PODS_PODFILE_DIR_PATH}/Podfile.lock\" \"${PODS_ROOT}/Manifest.lock\" > /dev/null\nif [ $? != 0 ] ; then\n    # print error to STDERR\n    echo \"error: The sandbox is not in sync with the Podfile.lock. Run 'pod install' or update your CocoaPods installation.\" >&2\n    exit 1\nfi\n# This output is used by Xcode 'outputs' to avoid re-running this script phase.\necho \"SUCCESS\" > \"${SCRIPT_OUTPUT_FILE_0}\"\n";
			showEnvVarsInLog = 0;
		};
		37996A4A7CD03BFE7C3781AE /* [CP] Check Pods Manifest.lock */ = {
			isa = PBXShellScriptBuildPhase;
			buildActionMask = 2147483647;
			files = (
			);
			inputFileListPaths = (
			);
			inputPaths = (
				"${PODS_PODFILE_DIR_PATH}/Podfile.lock",
				"${PODS_ROOT}/Manifest.lock",
			);
			name = "[CP] Check Pods Manifest.lock";
			outputFileListPaths = (
			);
			outputPaths = (
				"$(DERIVED_FILE_DIR)/Pods-WeCannes-checkManifestLockResult.txt",
			);
			runOnlyForDeploymentPostprocessing = 0;
			shellPath = /bin/sh;
			shellScript = "diff \"${PODS_PODFILE_DIR_PATH}/Podfile.lock\" \"${PODS_ROOT}/Manifest.lock\" > /dev/null\nif [ $? != 0 ] ; then\n    # print error to STDERR\n    echo \"error: The sandbox is not in sync with the Podfile.lock. Run 'pod install' or update your CocoaPods installation.\" >&2\n    exit 1\nfi\n# This output is used by Xcode 'outputs' to avoid re-running this script phase.\necho \"SUCCESS\" > \"${SCRIPT_OUTPUT_FILE_0}\"\n";
			showEnvVarsInLog = 0;
		};
		A27183BEF51DAAE1A87EFC8F /* [CP] Embed Pods Frameworks */ = {
			isa = PBXShellScriptBuildPhase;
			buildActionMask = 2147483647;
			files = (
			);
			inputFileListPaths = (
				"${PODS_ROOT}/Target Support Files/Pods-WeCannes-WeCannesUITests/Pods-WeCannes-WeCannesUITests-frameworks-${CONFIGURATION}-input-files.xcfilelist",
			);
			name = "[CP] Embed Pods Frameworks";
			outputFileListPaths = (
				"${PODS_ROOT}/Target Support Files/Pods-WeCannes-WeCannesUITests/Pods-WeCannes-WeCannesUITests-frameworks-${CONFIGURATION}-output-files.xcfilelist",
			);
			runOnlyForDeploymentPostprocessing = 0;
			shellPath = /bin/sh;
			shellScript = "\"${PODS_ROOT}/Target Support Files/Pods-WeCannes-WeCannesUITests/Pods-WeCannes-WeCannesUITests-frameworks.sh\"\n";
			showEnvVarsInLog = 0;
		};
		AB26D8FE0EADC8A452B2A27D /* [CP] Check Pods Manifest.lock */ = {
			isa = PBXShellScriptBuildPhase;
			buildActionMask = 2147483647;
			files = (
			);
			inputFileListPaths = (
			);
			inputPaths = (
				"${PODS_PODFILE_DIR_PATH}/Podfile.lock",
				"${PODS_ROOT}/Manifest.lock",
			);
			name = "[CP] Check Pods Manifest.lock";
			outputFileListPaths = (
			);
			outputPaths = (
				"$(DERIVED_FILE_DIR)/Pods-WeCannes-WeCannesUITests-checkManifestLockResult.txt",
			);
			runOnlyForDeploymentPostprocessing = 0;
			shellPath = /bin/sh;
			shellScript = "diff \"${PODS_PODFILE_DIR_PATH}/Podfile.lock\" \"${PODS_ROOT}/Manifest.lock\" > /dev/null\nif [ $? != 0 ] ; then\n    # print error to STDERR\n    echo \"error: The sandbox is not in sync with the Podfile.lock. Run 'pod install' or update your CocoaPods installation.\" >&2\n    exit 1\nfi\n# This output is used by Xcode 'outputs' to avoid re-running this script phase.\necho \"SUCCESS\" > \"${SCRIPT_OUTPUT_FILE_0}\"\n";
			showEnvVarsInLog = 0;
		};
		AE114D6C1A63830B92CAB145 /* [CP] Embed Pods Frameworks */ = {
			isa = PBXShellScriptBuildPhase;
			buildActionMask = 2147483647;
			files = (
			);
			inputFileListPaths = (
				"${PODS_ROOT}/Target Support Files/Pods-WeCannes/Pods-WeCannes-frameworks-${CONFIGURATION}-input-files.xcfilelist",
			);
			name = "[CP] Embed Pods Frameworks";
			outputFileListPaths = (
				"${PODS_ROOT}/Target Support Files/Pods-WeCannes/Pods-WeCannes-frameworks-${CONFIGURATION}-output-files.xcfilelist",
			);
			runOnlyForDeploymentPostprocessing = 0;
			shellPath = /bin/sh;
			shellScript = "\"${PODS_ROOT}/Target Support Files/Pods-WeCannes/Pods-WeCannes-frameworks.sh\"\n";
			showEnvVarsInLog = 0;
		};
/* End PBXShellScriptBuildPhase section */

/* Begin PBXSourcesBuildPhase section */
		F0B874BC2839BFC10084A126 /* Sources */ = {
			isa = PBXSourcesBuildPhase;
			buildActionMask = 2147483647;
			files = (
				F03F3F31283B4B7D00E605A7 /* DataStorage.swift in Sources */,
				F0B8750C2839CA050084A126 /* RegisterViewController.swift in Sources */,
				F0B875002839C9950084A126 /* RedeemPointsViewController.swift in Sources */,
				F0B875042839C9A20084A126 /* EarnPointsViewController.swift in Sources */,
				F03F3F172839E43200E605A7 /* MapViewController.swift in Sources */,
				F03F3F452847B72B00E605A7 /* FirebaseFunctions.swift in Sources */,
				F03F3F1F283B1C0800E605A7 /* Permissions.swift in Sources */,
				F0B875082839C9E90084A126 /* ScheduledEventsViewController.swift in Sources */,
				F0B874C42839BFC10084A126 /* AppDelegate.swift in Sources */,
				F03F3F35283BBB9700E605A7 /* Notifications.swift in Sources */,
				F0B874C62839BFC10084A126 /* SceneDelegate.swift in Sources */,
				F0B874F82839C9680084A126 /* HomeViewController.swift in Sources */,
				F0B875102839CA0E0084A126 /* SignInViewController.swift in Sources */,
				F03F3F1C283B14F600E605A7 /* OnboardingViewController.swift in Sources */,
				F0B874FC2839C9850084A126 /* WalletViewController.swift in Sources */,
			);
			runOnlyForDeploymentPostprocessing = 0;
		};
		F0B874D22839BFC40084A126 /* Sources */ = {
			isa = PBXSourcesBuildPhase;
			buildActionMask = 2147483647;
			files = (
				F0B874DB2839BFC40084A126 /* WeCannesTests.swift in Sources */,
				F0B874F92839C9680084A126 /* HomeViewController.swift in Sources */,
				F03F3F36283BBB9700E605A7 /* Notifications.swift in Sources */,
				F0B8750D2839CA050084A126 /* RegisterViewController.swift in Sources */,
				F0B875012839C9950084A126 /* RedeemPointsViewController.swift in Sources */,
				F03F3F182839E43200E605A7 /* MapViewController.swift in Sources */,
				F0B875112839CA0E0084A126 /* SignInViewController.swift in Sources */,
				F0B875092839C9E90084A126 /* ScheduledEventsViewController.swift in Sources */,
				F03F3F462847B72B00E605A7 /* FirebaseFunctions.swift in Sources */,
				F0B875052839C9A20084A126 /* EarnPointsViewController.swift in Sources */,
				F03F3F32283B4B7D00E605A7 /* DataStorage.swift in Sources */,
				F0B874FD2839C9850084A126 /* WalletViewController.swift in Sources */,
			);
			runOnlyForDeploymentPostprocessing = 0;
		};
		F0B874DC2839BFC40084A126 /* Sources */ = {
			isa = PBXSourcesBuildPhase;
			buildActionMask = 2147483647;
			files = (
				F03F3F37283BBB9700E605A7 /* Notifications.swift in Sources */,
				F03F3F33283B4B7D00E605A7 /* DataStorage.swift in Sources */,
				F0B874E72839BFC40084A126 /* WeCannesUITestsLaunchTests.swift in Sources */,
				F0B874FE2839C9850084A126 /* WalletViewController.swift in Sources */,
				F03F3F472847B72B00E605A7 /* FirebaseFunctions.swift in Sources */,
				F0B874E52839BFC40084A126 /* WeCannesUITests.swift in Sources */,
				F03F3F192839E43200E605A7 /* MapViewController.swift in Sources */,
				F0B8750E2839CA050084A126 /* RegisterViewController.swift in Sources */,
				F0B875022839C9950084A126 /* RedeemPointsViewController.swift in Sources */,
				F0B875122839CA0E0084A126 /* SignInViewController.swift in Sources */,
				F0B8750A2839C9E90084A126 /* ScheduledEventsViewController.swift in Sources */,
				F0B874FA2839C9680084A126 /* HomeViewController.swift in Sources */,
				F0B875062839C9A20084A126 /* EarnPointsViewController.swift in Sources */,
			);
			runOnlyForDeploymentPostprocessing = 0;
		};
/* End PBXSourcesBuildPhase section */

/* Begin PBXTargetDependency section */
		F0B874D82839BFC40084A126 /* PBXTargetDependency */ = {
			isa = PBXTargetDependency;
			target = F0B874BF2839BFC10084A126 /* WeCannes */;
			targetProxy = F0B874D72839BFC40084A126 /* PBXContainerItemProxy */;
		};
		F0B874E22839BFC40084A126 /* PBXTargetDependency */ = {
			isa = PBXTargetDependency;
			target = F0B874BF2839BFC10084A126 /* WeCannes */;
			targetProxy = F0B874E12839BFC40084A126 /* PBXContainerItemProxy */;
		};
/* End PBXTargetDependency section */

/* Begin PBXVariantGroup section */
		F0B874C92839BFC10084A126 /* Main.storyboard */ = {
			isa = PBXVariantGroup;
			children = (
				F0B874CA2839BFC10084A126 /* Base */,
			);
			name = Main.storyboard;
			sourceTree = "<group>";
		};
		F0B874CE2839BFC30084A126 /* LaunchScreen.storyboard */ = {
			isa = PBXVariantGroup;
			children = (
				F0B874CF2839BFC30084A126 /* Base */,
			);
			name = LaunchScreen.storyboard;
			sourceTree = "<group>";
		};
/* End PBXVariantGroup section */

/* Begin XCBuildConfiguration section */
		F0B874E82839BFC40084A126 /* Debug */ = {
			isa = XCBuildConfiguration;
			buildSettings = {
				ALWAYS_SEARCH_USER_PATHS = NO;
				CLANG_ANALYZER_NONNULL = YES;
				CLANG_ANALYZER_NUMBER_OBJECT_CONVERSION = YES_AGGRESSIVE;
				CLANG_CXX_LANGUAGE_STANDARD = "gnu++17";
				CLANG_ENABLE_MODULES = YES;
				CLANG_ENABLE_OBJC_ARC = YES;
				CLANG_ENABLE_OBJC_WEAK = YES;
				CLANG_WARN_BLOCK_CAPTURE_AUTORELEASING = YES;
				CLANG_WARN_BOOL_CONVERSION = YES;
				CLANG_WARN_COMMA = YES;
				CLANG_WARN_CONSTANT_CONVERSION = YES;
				CLANG_WARN_DEPRECATED_OBJC_IMPLEMENTATIONS = YES;
				CLANG_WARN_DIRECT_OBJC_ISA_USAGE = YES_ERROR;
				CLANG_WARN_DOCUMENTATION_COMMENTS = YES;
				CLANG_WARN_EMPTY_BODY = YES;
				CLANG_WARN_ENUM_CONVERSION = YES;
				CLANG_WARN_INFINITE_RECURSION = YES;
				CLANG_WARN_INT_CONVERSION = YES;
				CLANG_WARN_NON_LITERAL_NULL_CONVERSION = YES;
				CLANG_WARN_OBJC_IMPLICIT_RETAIN_SELF = YES;
				CLANG_WARN_OBJC_LITERAL_CONVERSION = YES;
				CLANG_WARN_OBJC_ROOT_CLASS = YES_ERROR;
				CLANG_WARN_QUOTED_INCLUDE_IN_FRAMEWORK_HEADER = YES;
				CLANG_WARN_RANGE_LOOP_ANALYSIS = YES;
				CLANG_WARN_STRICT_PROTOTYPES = YES;
				CLANG_WARN_SUSPICIOUS_MOVE = YES;
				CLANG_WARN_UNGUARDED_AVAILABILITY = YES_AGGRESSIVE;
				CLANG_WARN_UNREACHABLE_CODE = YES;
				CLANG_WARN__DUPLICATE_METHOD_MATCH = YES;
				COPY_PHASE_STRIP = NO;
				DEBUG_INFORMATION_FORMAT = dwarf;
				ENABLE_STRICT_OBJC_MSGSEND = YES;
				ENABLE_TESTABILITY = YES;
				GCC_C_LANGUAGE_STANDARD = gnu11;
				GCC_DYNAMIC_NO_PIC = NO;
				GCC_NO_COMMON_BLOCKS = YES;
				GCC_OPTIMIZATION_LEVEL = 0;
				GCC_PREPROCESSOR_DEFINITIONS = (
					"DEBUG=1",
					"$(inherited)",
				);
				GCC_WARN_64_TO_32_BIT_CONVERSION = YES;
				GCC_WARN_ABOUT_RETURN_TYPE = YES_ERROR;
				GCC_WARN_UNDECLARED_SELECTOR = YES;
				GCC_WARN_UNINITIALIZED_AUTOS = YES_AGGRESSIVE;
				GCC_WARN_UNUSED_FUNCTION = YES;
				GCC_WARN_UNUSED_VARIABLE = YES;
				IPHONEOS_DEPLOYMENT_TARGET = 15.5;
				MTL_ENABLE_DEBUG_INFO = INCLUDE_SOURCE;
				MTL_FAST_MATH = YES;
				ONLY_ACTIVE_ARCH = YES;
				SDKROOT = iphoneos;
				SWIFT_ACTIVE_COMPILATION_CONDITIONS = DEBUG;
				SWIFT_OPTIMIZATION_LEVEL = "-Onone";
			};
			name = Debug;
		};
		F0B874E92839BFC40084A126 /* Release */ = {
			isa = XCBuildConfiguration;
			buildSettings = {
				ALWAYS_SEARCH_USER_PATHS = NO;
				CLANG_ANALYZER_NONNULL = YES;
				CLANG_ANALYZER_NUMBER_OBJECT_CONVERSION = YES_AGGRESSIVE;
				CLANG_CXX_LANGUAGE_STANDARD = "gnu++17";
				CLANG_ENABLE_MODULES = YES;
				CLANG_ENABLE_OBJC_ARC = YES;
				CLANG_ENABLE_OBJC_WEAK = YES;
				CLANG_WARN_BLOCK_CAPTURE_AUTORELEASING = YES;
				CLANG_WARN_BOOL_CONVERSION = YES;
				CLANG_WARN_COMMA = YES;
				CLANG_WARN_CONSTANT_CONVERSION = YES;
				CLANG_WARN_DEPRECATED_OBJC_IMPLEMENTATIONS = YES;
				CLANG_WARN_DIRECT_OBJC_ISA_USAGE = YES_ERROR;
				CLANG_WARN_DOCUMENTATION_COMMENTS = YES;
				CLANG_WARN_EMPTY_BODY = YES;
				CLANG_WARN_ENUM_CONVERSION = YES;
				CLANG_WARN_INFINITE_RECURSION = YES;
				CLANG_WARN_INT_CONVERSION = YES;
				CLANG_WARN_NON_LITERAL_NULL_CONVERSION = YES;
				CLANG_WARN_OBJC_IMPLICIT_RETAIN_SELF = YES;
				CLANG_WARN_OBJC_LITERAL_CONVERSION = YES;
				CLANG_WARN_OBJC_ROOT_CLASS = YES_ERROR;
				CLANG_WARN_QUOTED_INCLUDE_IN_FRAMEWORK_HEADER = YES;
				CLANG_WARN_RANGE_LOOP_ANALYSIS = YES;
				CLANG_WARN_STRICT_PROTOTYPES = YES;
				CLANG_WARN_SUSPICIOUS_MOVE = YES;
				CLANG_WARN_UNGUARDED_AVAILABILITY = YES_AGGRESSIVE;
				CLANG_WARN_UNREACHABLE_CODE = YES;
				CLANG_WARN__DUPLICATE_METHOD_MATCH = YES;
				COPY_PHASE_STRIP = NO;
				DEBUG_INFORMATION_FORMAT = "dwarf-with-dsym";
				ENABLE_NS_ASSERTIONS = NO;
				ENABLE_STRICT_OBJC_MSGSEND = YES;
				GCC_C_LANGUAGE_STANDARD = gnu11;
				GCC_NO_COMMON_BLOCKS = YES;
				GCC_WARN_64_TO_32_BIT_CONVERSION = YES;
				GCC_WARN_ABOUT_RETURN_TYPE = YES_ERROR;
				GCC_WARN_UNDECLARED_SELECTOR = YES;
				GCC_WARN_UNINITIALIZED_AUTOS = YES_AGGRESSIVE;
				GCC_WARN_UNUSED_FUNCTION = YES;
				GCC_WARN_UNUSED_VARIABLE = YES;
				IPHONEOS_DEPLOYMENT_TARGET = 15.5;
				MTL_ENABLE_DEBUG_INFO = NO;
				MTL_FAST_MATH = YES;
				SDKROOT = iphoneos;
				SWIFT_COMPILATION_MODE = wholemodule;
				SWIFT_OPTIMIZATION_LEVEL = "-O";
				VALIDATE_PRODUCT = YES;
			};
			name = Release;
		};
		F0B874EB2839BFC40084A126 /* Debug */ = {
			isa = XCBuildConfiguration;
			baseConfigurationReference = 21A5EFC6C21155458B300D42 /* Pods-WeCannes.debug.xcconfig */;
			buildSettings = {
				ASSETCATALOG_COMPILER_APPICON_NAME = AppIcon;
				ASSETCATALOG_COMPILER_GLOBAL_ACCENT_COLOR_NAME = AccentColor;
				CODE_SIGN_STYLE = Automatic;
				CURRENT_PROJECT_VERSION = 1;
				DEVELOPMENT_TEAM = 3ETG9R4M5P;
				GENERATE_INFOPLIST_FILE = YES;
				INFOPLIST_FILE = WeCannes/Info.plist;
				INFOPLIST_KEY_UIApplicationSupportsIndirectInputEvents = YES;
				INFOPLIST_KEY_UILaunchStoryboardName = LaunchScreen;
				INFOPLIST_KEY_UIMainStoryboardFile = Main;
				INFOPLIST_KEY_UISupportedInterfaceOrientations_iPad = "UIInterfaceOrientationPortrait UIInterfaceOrientationPortraitUpsideDown UIInterfaceOrientationLandscapeLeft UIInterfaceOrientationLandscapeRight";
				INFOPLIST_KEY_UISupportedInterfaceOrientations_iPhone = "UIInterfaceOrientationPortrait UIInterfaceOrientationLandscapeLeft UIInterfaceOrientationLandscapeRight";
				IPHONEOS_DEPLOYMENT_TARGET = 15.0;
				LD_RUNPATH_SEARCH_PATHS = (
					"$(inherited)",
					"@executable_path/Frameworks",
				);
				MARKETING_VERSION = 1.0;
				PRODUCT_BUNDLE_IDENTIFIER = com.gimbal.wecannes;
				PRODUCT_NAME = "$(TARGET_NAME)";
				SWIFT_EMIT_LOC_STRINGS = YES;
				SWIFT_VERSION = 5.0;
				TARGETED_DEVICE_FAMILY = "1,2";
			};
			name = Debug;
		};
		F0B874EC2839BFC40084A126 /* Release */ = {
			isa = XCBuildConfiguration;
			baseConfigurationReference = BC2AB7A406CE914FCE5089A2 /* Pods-WeCannes.release.xcconfig */;
			buildSettings = {
				ASSETCATALOG_COMPILER_APPICON_NAME = AppIcon;
				ASSETCATALOG_COMPILER_GLOBAL_ACCENT_COLOR_NAME = AccentColor;
				CODE_SIGN_STYLE = Automatic;
				CURRENT_PROJECT_VERSION = 1;
				DEVELOPMENT_TEAM = 3ETG9R4M5P;
				GENERATE_INFOPLIST_FILE = YES;
				INFOPLIST_FILE = WeCannes/Info.plist;
				INFOPLIST_KEY_UIApplicationSupportsIndirectInputEvents = YES;
				INFOPLIST_KEY_UILaunchStoryboardName = LaunchScreen;
				INFOPLIST_KEY_UIMainStoryboardFile = Main;
				INFOPLIST_KEY_UISupportedInterfaceOrientations_iPad = "UIInterfaceOrientationPortrait UIInterfaceOrientationPortraitUpsideDown UIInterfaceOrientationLandscapeLeft UIInterfaceOrientationLandscapeRight";
				INFOPLIST_KEY_UISupportedInterfaceOrientations_iPhone = "UIInterfaceOrientationPortrait UIInterfaceOrientationLandscapeLeft UIInterfaceOrientationLandscapeRight";
				IPHONEOS_DEPLOYMENT_TARGET = 15.0;
				LD_RUNPATH_SEARCH_PATHS = (
					"$(inherited)",
					"@executable_path/Frameworks",
				);
				MARKETING_VERSION = 1.0;
				PRODUCT_BUNDLE_IDENTIFIER = com.gimbal.wecannes;
				PRODUCT_NAME = "$(TARGET_NAME)";
				SWIFT_EMIT_LOC_STRINGS = YES;
				SWIFT_VERSION = 5.0;
				TARGETED_DEVICE_FAMILY = "1,2";
			};
			name = Release;
		};
		F0B874EE2839BFC40084A126 /* Debug */ = {
			isa = XCBuildConfiguration;
			baseConfigurationReference = C25A6F42F0848DB735456FD7 /* Pods-WeCannesTests.debug.xcconfig */;
			buildSettings = {
				ALWAYS_EMBED_SWIFT_STANDARD_LIBRARIES = YES;
				BUNDLE_LOADER = "$(TEST_HOST)";
				CODE_SIGN_STYLE = Automatic;
				CURRENT_PROJECT_VERSION = 1;
				DEVELOPMENT_TEAM = 3ETG9R4M5P;
				GENERATE_INFOPLIST_FILE = YES;
				IPHONEOS_DEPLOYMENT_TARGET = 15.5;
				MARKETING_VERSION = 1.0;
				PRODUCT_BUNDLE_IDENTIFIER = gimbal.WeCannesTests;
				PRODUCT_NAME = "$(TARGET_NAME)";
				SWIFT_EMIT_LOC_STRINGS = NO;
				SWIFT_VERSION = 5.0;
				TARGETED_DEVICE_FAMILY = "1,2";
				TEST_HOST = "$(BUILT_PRODUCTS_DIR)/WeCannes.app/WeCannes";
			};
			name = Debug;
		};
		F0B874EF2839BFC40084A126 /* Release */ = {
			isa = XCBuildConfiguration;
			baseConfigurationReference = 943B663BAE19A1E481E67E8E /* Pods-WeCannesTests.release.xcconfig */;
			buildSettings = {
				ALWAYS_EMBED_SWIFT_STANDARD_LIBRARIES = YES;
				BUNDLE_LOADER = "$(TEST_HOST)";
				CODE_SIGN_STYLE = Automatic;
				CURRENT_PROJECT_VERSION = 1;
				DEVELOPMENT_TEAM = 3ETG9R4M5P;
				GENERATE_INFOPLIST_FILE = YES;
				IPHONEOS_DEPLOYMENT_TARGET = 15.5;
				MARKETING_VERSION = 1.0;
				PRODUCT_BUNDLE_IDENTIFIER = gimbal.WeCannesTests;
				PRODUCT_NAME = "$(TARGET_NAME)";
				SWIFT_EMIT_LOC_STRINGS = NO;
				SWIFT_VERSION = 5.0;
				TARGETED_DEVICE_FAMILY = "1,2";
				TEST_HOST = "$(BUILT_PRODUCTS_DIR)/WeCannes.app/WeCannes";
			};
			name = Release;
		};
		F0B874F12839BFC40084A126 /* Debug */ = {
			isa = XCBuildConfiguration;
			baseConfigurationReference = 11733477DDA7E2600A16C3D1 /* Pods-WeCannes-WeCannesUITests.debug.xcconfig */;
			buildSettings = {
				ALWAYS_EMBED_SWIFT_STANDARD_LIBRARIES = YES;
				CODE_SIGN_STYLE = Automatic;
				CURRENT_PROJECT_VERSION = 1;
				DEVELOPMENT_TEAM = 3ETG9R4M5P;
				GENERATE_INFOPLIST_FILE = YES;
				MARKETING_VERSION = 1.0;
				PRODUCT_BUNDLE_IDENTIFIER = gimbal.WeCannesUITests;
				PRODUCT_NAME = "$(TARGET_NAME)";
				SWIFT_EMIT_LOC_STRINGS = NO;
				SWIFT_VERSION = 5.0;
				TARGETED_DEVICE_FAMILY = "1,2";
				TEST_TARGET_NAME = WeCannes;
			};
			name = Debug;
		};
		F0B874F22839BFC40084A126 /* Release */ = {
			isa = XCBuildConfiguration;
			baseConfigurationReference = 7739B760B7ADC228B79276AE /* Pods-WeCannes-WeCannesUITests.release.xcconfig */;
			buildSettings = {
				ALWAYS_EMBED_SWIFT_STANDARD_LIBRARIES = YES;
				CODE_SIGN_STYLE = Automatic;
				CURRENT_PROJECT_VERSION = 1;
				DEVELOPMENT_TEAM = 3ETG9R4M5P;
				GENERATE_INFOPLIST_FILE = YES;
				MARKETING_VERSION = 1.0;
				PRODUCT_BUNDLE_IDENTIFIER = gimbal.WeCannesUITests;
				PRODUCT_NAME = "$(TARGET_NAME)";
				SWIFT_EMIT_LOC_STRINGS = NO;
				SWIFT_VERSION = 5.0;
				TARGETED_DEVICE_FAMILY = "1,2";
				TEST_TARGET_NAME = WeCannes;
			};
			name = Release;
		};
/* End XCBuildConfiguration section */

/* Begin XCConfigurationList section */
		F0B874BB2839BFC10084A126 /* Build configuration list for PBXProject "WeCannes" */ = {
			isa = XCConfigurationList;
			buildConfigurations = (
				F0B874E82839BFC40084A126 /* Debug */,
				F0B874E92839BFC40084A126 /* Release */,
			);
			defaultConfigurationIsVisible = 0;
			defaultConfigurationName = Release;
		};
		F0B874EA2839BFC40084A126 /* Build configuration list for PBXNativeTarget "WeCannes" */ = {
			isa = XCConfigurationList;
			buildConfigurations = (
				F0B874EB2839BFC40084A126 /* Debug */,
				F0B874EC2839BFC40084A126 /* Release */,
			);
			defaultConfigurationIsVisible = 0;
			defaultConfigurationName = Release;
		};
		F0B874ED2839BFC40084A126 /* Build configuration list for PBXNativeTarget "WeCannesTests" */ = {
			isa = XCConfigurationList;
			buildConfigurations = (
				F0B874EE2839BFC40084A126 /* Debug */,
				F0B874EF2839BFC40084A126 /* Release */,
			);
			defaultConfigurationIsVisible = 0;
			defaultConfigurationName = Release;
		};
		F0B874F02839BFC40084A126 /* Build configuration list for PBXNativeTarget "WeCannesUITests" */ = {
			isa = XCConfigurationList;
			buildConfigurations = (
				F0B874F12839BFC40084A126 /* Debug */,
				F0B874F22839BFC40084A126 /* Release */,
			);
			defaultConfigurationIsVisible = 0;
			defaultConfigurationName = Release;
		};
/* End XCConfigurationList section */

/* Begin XCRemoteSwiftPackageReference section */
		F0B8751D2839DC5A0084A126 /* XCRemoteSwiftPackageReference "firebase-ios-sdk" */ = {
			isa = XCRemoteSwiftPackageReference;
			repositoryURL = "https://github.com/firebase/firebase-ios-sdk";
			requirement = {
				kind = upToNextMajorVersion;
				minimumVersion = 9.0.0;
			};
		};
/* End XCRemoteSwiftPackageReference section */

/* Begin XCSwiftPackageProductDependency section */
		F03F3F422847B5F900E605A7 /* FirebaseDatabase */ = {
			isa = XCSwiftPackageProductDependency;
			package = F0B8751D2839DC5A0084A126 /* XCRemoteSwiftPackageReference "firebase-ios-sdk" */;
			productName = FirebaseDatabase;
		};
		F0B8751E2839DC5A0084A126 /* FirebaseAuth */ = {
			isa = XCSwiftPackageProductDependency;
			package = F0B8751D2839DC5A0084A126 /* XCRemoteSwiftPackageReference "firebase-ios-sdk" */;
			productName = FirebaseAuth;
		};
/* End XCSwiftPackageProductDependency section */
	};
	rootObject = F0B874B82839BFC10084A126 /* Project object */;
}
